<?xml version="1.0" encoding="utf-8"?>
<Project ToolsVersion="4.0" xmlns="http://schemas.microsoft.com/developer/msbuild/2003">
  <ItemGroup>
    <ClCompile Include="..\..\src\main\Cpu.cpp" />
    <ClCompile Include="..\..\src\main\main.cpp" />
    <ClCompile Include="..\..\src\main\Memory.cpp" />
    <ClCompile Include="..\..\src\main\Video.cpp" />
    <ClCompile Include="..\..\src\main\HLE\pspdisplay.cpp">
      <Filter>HLE</Filter>
    </ClCompile>
    <ClCompile Include="..\..\src\main\HLE\Types\SceUid.cpp">
      <Filter>HLE\Types</Filter>
    </ClCompile>
    <ClCompile Include="..\..\src\main\HLE\Managers\SceUidManager.cpp">
      <Filter>HLE\Managers</Filter>
    </ClCompile>
  </ItemGroup>
  <ItemGroup>
    <ClInclude Include="..\..\src\main\Cpu.h" />
    <ClInclude Include="..\..\src\main\Memory.h" />
    <ClInclude Include="..\..\src\main\PCSPCommon.h" />
    <ClInclude Include="..\..\src\main\Singleton.h" />
    <ClInclude Include="..\..\src\main\Video.h" />
    <ClInclude Include="..\..\src\main\HLE\pspdisplay.h">
      <Filter>HLE</Filter>
    </ClInclude>
    <ClInclude Include="..\..\src\main\MemoryMap.h" />
    <ClInclude Include="..\..\src\main\HLE\Types\SceUid.h">
      <Filter>HLE\Types</Filter>
    </ClInclude>
    <ClInclude Include="..\..\src\main\HLE\Managers\SceUidManager.h">
      <Filter>HLE\Managers</Filter>
    </ClInclude>
  </ItemGroup>
  <ItemGroup>
    <None Include="packages.config" />
  </ItemGroup>
  <ItemGroup>
    <Filter Include="HLE">
      <UniqueIdentifier>{32d15ab3-2835-4473-b88d-ddde60bfc080}</UniqueIdentifier>
    </Filter>
    <Filter Include="HLE\Types">
      <UniqueIdentifier>{8fbe1a0a-58f3-4b89-9b1e-a9200c9867cd}</UniqueIdentifier>
    </Filter>
    <Filter Include="HLE\Managers">
      <UniqueIdentifier>{96cc523b-e748-48bb-b12f-f8bc478c01e2}</UniqueIdentifier>
    </Filter>
  </ItemGroup>
</Project>